
Microsoft Visual Studio Solution File, Format Version 12.00
# Visual Studio Version 16
VisualStudioVersion = 16.0.31402.337
MinimumVisualStudioVersion = 10.0.40219.1
Project("{FAE04EC0-301F-11D3-BF4B-00C04F79EFBC}") = "Evidance_10", "Evidance_10\Evidance_10.csproj", "{9A669E79-AC07-4953-9510-665E4E68333C}"
EndProject
Global
	GlobalSection(SolutionConfigurationPlatforms) = preSolution
		Debug|Any CPU = Debug|Any CPU
		Release|Any CPU = Release|Any CPU
	EndGlobalSection
	GlobalSection(ProjectConfigurationPlatforms) = postSolution
		{9A669E79-AC07-4953-9510-665E4E68333C}.Debug|Any CPU.ActiveCfg = Debug|Any CPU
		{9A669E79-AC07-4953-9510-665E4E68333C}.Debug|Any CPU.Build.0 = Debug|Any CPU
		{9A669E79-AC07-4953-9510-665E4E68333C}.Release|Any CPU.ActiveCfg = Release|Any CPU
		{9A669E79-AC07-4953-9510-665E4E68333C}.Release|Any CPU.Build.0 = Release|Any CPU
	EndGlobalSection
	GlobalSection(SolutionProperties) = preSolution
		HideSolutionNode = FALSE
	EndGlobalSection
	GlobalSection(ExtensibilityGlobals) = postSolution
		SolutionGuid = {4500E87C-B418-49FC-AB2B-FA02DF311297}
	EndGlobalSection
EndGlobal
